// !$*UTF8*$!
{
	archiveVersion = 1;
	classes = {
	};
	objectVersion = 56;
	objects = {

/* Begin PBXBuildFile section */
		DE74073A2A81EF06008CC62A /* AppDelegate.swift in Sources */ = {isa = PBXBuildFile; fileRef = DE7407392A81EF06008CC62A /* AppDelegate.swift */; };
		DE74073C2A81EF06008CC62A /* SceneDelegate.swift in Sources */ = {isa = PBXBuildFile; fileRef = DE74073B2A81EF06008CC62A /* SceneDelegate.swift */; };
		DE74073E2A81EF06008CC62A /* ViewController.swift in Sources */ = {isa = PBXBuildFile; fileRef = DE74073D2A81EF06008CC62A /* ViewController.swift */; };
		DE7407412A81EF06008CC62A /* Main.storyboard in Resources */ = {isa = PBXBuildFile; fileRef = DE74073F2A81EF06008CC62A /* Main.storyboard */; };
		DE7407432A81EF08008CC62A /* Assets.xcassets in Resources */ = {isa = PBXBuildFile; fileRef = DE7407422A81EF08008CC62A /* Assets.xcassets */; };
		DE7407462A81EF08008CC62A /* LaunchScreen.storyboard in Resources */ = {isa = PBXBuildFile; fileRef = DE7407442A81EF08008CC62A /* LaunchScreen.storyboard */; };
		DE7407532A81FD3D008CC62A /* Alamofire in Frameworks */ = {isa = PBXBuildFile; productRef = DE7407522A81FD3D008CC62A /* Alamofire */; };
		DE7407562A81FD4D008CC62A /* SwiftyJSON in Frameworks */ = {isa = PBXBuildFile; productRef = DE7407552A81FD4D008CC62A /* SwiftyJSON */; };
		DE7407592A81FD64008CC62A /* Kingfisher in Frameworks */ = {isa = PBXBuildFile; productRef = DE7407582A81FD64008CC62A /* Kingfisher */; };
		DE74075B2A822D32008CC62A /* MoreRecommendViewController.swift in Sources */ = {isa = PBXBuildFile; fileRef = DE74075A2A822D32008CC62A /* MoreRecommendViewController.swift */; };
		DE7407602A822D97008CC62A /* RecommendBeerCollectionViewCell.swift in Sources */ = {isa = PBXBuildFile; fileRef = DE74075E2A822D97008CC62A /* RecommendBeerCollectionViewCell.swift */; };
		DE7407612A822D97008CC62A /* RecommendBeerCollectionViewCell.xib in Resources */ = {isa = PBXBuildFile; fileRef = DE74075F2A822D97008CC62A /* RecommendBeerCollectionViewCell.xib */; };
		DE7407632A823690008CC62A /* Beer.swift in Sources */ = {isa = PBXBuildFile; fileRef = DE7407622A823690008CC62A /* Beer.swift */; };
		DE7407652A826EC6008CC62A /* DetailViewController.swift in Sources */ = {isa = PBXBuildFile; fileRef = DE7407642A826EC6008CC62A /* DetailViewController.swift */; };
/* End PBXBuildFile section */

/* Begin PBXFileReference section */
		DE7407362A81EF06008CC62A /* SeSAC_BeerRecommend.app */ = {isa = PBXFileReference; explicitFileType = wrapper.application; includeInIndex = 0; path = SeSAC_BeerRecommend.app; sourceTree = BUILT_PRODUCTS_DIR; };
		DE7407392A81EF06008CC62A /* AppDelegate.swift */ = {isa = PBXFileReference; lastKnownFileType = sourcecode.swift; path = AppDelegate.swift; sourceTree = "<group>"; };
		DE74073B2A81EF06008CC62A /* SceneDelegate.swift */ = {isa = PBXFileReference; lastKnownFileType = sourcecode.swift; path = SceneDelegate.swift; sourceTree = "<group>"; };
		DE74073D2A81EF06008CC62A /* ViewController.swift */ = {isa = PBXFileReference; lastKnownFileType = sourcecode.swift; path = ViewController.swift; sourceTree = "<group>"; };
		DE7407402A81EF06008CC62A /* Base */ = {isa = PBXFileReference; lastKnownFileType = file.storyboard; name = Base; path = Base.lproj/Main.storyboard; sourceTree = "<group>"; };
		DE7407422A81EF08008CC62A /* Assets.xcassets */ = {isa = PBXFileReference; lastKnownFileType = folder.assetcatalog; path = Assets.xcassets; sourceTree = "<group>"; };
		DE7407452A81EF08008CC62A /* Base */ = {isa = PBXFileReference; lastKnownFileType = file.storyboard; name = Base; path = Base.lproj/LaunchScreen.storyboard; sourceTree = "<group>"; };
		DE7407472A81EF08008CC62A /* Info.plist */ = {isa = PBXFileReference; lastKnownFileType = text.plist.xml; path = Info.plist; sourceTree = "<group>"; };
		DE74075A2A822D32008CC62A /* MoreRecommendViewController.swift */ = {isa = PBXFileReference; lastKnownFileType = sourcecode.swift; path = MoreRecommendViewController.swift; sourceTree = "<group>"; };
		DE74075E2A822D97008CC62A /* RecommendBeerCollectionViewCell.swift */ = {isa = PBXFileReference; lastKnownFileType = sourcecode.swift; path = RecommendBeerCollectionViewCell.swift; sourceTree = "<group>"; };
		DE74075F2A822D97008CC62A /* RecommendBeerCollectionViewCell.xib */ = {isa = PBXFileReference; lastKnownFileType = file.xib; path = RecommendBeerCollectionViewCell.xib; sourceTree = "<group>"; };
		DE7407622A823690008CC62A /* Beer.swift */ = {isa = PBXFileReference; lastKnownFileType = sourcecode.swift; path = Beer.swift; sourceTree = "<group>"; };
		DE7407642A826EC6008CC62A /* DetailViewController.swift */ = {isa = PBXFileReference; lastKnownFileType = sourcecode.swift; path = DetailViewController.swift; sourceTree = "<group>"; };
/* End PBXFileReference section */

/* Begin PBXFrameworksBuildPhase section */
		DE7407332A81EF06008CC62A /* Frameworks */ = {
			isa = PBXFrameworksBuildPhase;
			buildActionMask = 2147483647;
			files = (
				DE7407592A81FD64008CC62A /* Kingfisher in Frameworks */,
				DE7407562A81FD4D008CC62A /* SwiftyJSON in Frameworks */,
				DE7407532A81FD3D008CC62A /* Alamofire in Frameworks */,
			);
			runOnlyForDeploymentPostprocessing = 0;
		};
/* End PBXFrameworksBuildPhase section */

/* Begin PBXGroup section */
		DE74072D2A81EF06008CC62A = {
			isa = PBXGroup;
			children = (
				DE7407382A81EF06008CC62A /* SeSAC_BeerRecommend */,
				DE7407372A81EF06008CC62A /* Products */,
			);
			sourceTree = "<group>";
		};
		DE7407372A81EF06008CC62A /* Products */ = {
			isa = PBXGroup;
			children = (
				DE7407362A81EF06008CC62A /* SeSAC_BeerRecommend.app */,
			);
			name = Products;
			sourceTree = "<group>";
		};
		DE7407382A81EF06008CC62A /* SeSAC_BeerRecommend */ = {
			isa = PBXGroup;
			children = (
				DE7407392A81EF06008CC62A /* AppDelegate.swift */,
				DE74073B2A81EF06008CC62A /* SceneDelegate.swift */,
				DE74073D2A81EF06008CC62A /* ViewController.swift */,
				DE7407622A823690008CC62A /* Beer.swift */,
				DE74073F2A81EF06008CC62A /* Main.storyboard */,
				DE74075E2A822D97008CC62A /* RecommendBeerCollectionViewCell.swift */,
				DE74075F2A822D97008CC62A /* RecommendBeerCollectionViewCell.xib */,
				DE7407642A826EC6008CC62A /* DetailViewController.swift */,
				DE74075A2A822D32008CC62A /* MoreRecommendViewController.swift */,
				DE7407422A81EF08008CC62A /* Assets.xcassets */,
				DE7407442A81EF08008CC62A /* LaunchScreen.storyboard */,
				DE7407472A81EF08008CC62A /* Info.plist */,
			);
			path = SeSAC_BeerRecommend;
			sourceTree = "<group>";
		};
/* End PBXGroup section */

/* Begin PBXNativeTarget section */
		DE7407352A81EF06008CC62A /* SeSAC_BeerRecommend */ = {
			isa = PBXNativeTarget;
			buildConfigurationList = DE74074A2A81EF08008CC62A /* Build configuration list for PBXNativeTarget "SeSAC_BeerRecommend" */;
			buildPhases = (
				DE7407322A81EF06008CC62A /* Sources */,
				DE7407332A81EF06008CC62A /* Frameworks */,
				DE7407342A81EF06008CC62A /* Resources */,
			);
			buildRules = (
			);
			dependencies = (
			);
			name = SeSAC_BeerRecommend;
			packageProductDependencies = (
				DE7407522A81FD3D008CC62A /* Alamofire */,
				DE7407552A81FD4D008CC62A /* SwiftyJSON */,
				DE7407582A81FD64008CC62A /* Kingfisher */,
			);
			productName = SeSAC_BeerRecommend;
			productReference = DE7407362A81EF06008CC62A /* SeSAC_BeerRecommend.app */;
			productType = "com.apple.product-type.application";
		};
/* End PBXNativeTarget section */

/* Begin PBXProject section */
		DE74072E2A81EF06008CC62A /* Project object */ = {
			isa = PBXProject;
			attributes = {
				BuildIndependentTargetsInParallel = 1;
				LastSwiftUpdateCheck = 1430;
				LastUpgradeCheck = 1430;
				TargetAttributes = {
					DE7407352A81EF06008CC62A = {
						CreatedOnToolsVersion = 14.3.1;
					};
				};
			};
			buildConfigurationList = DE7407312A81EF06008CC62A /* Build configuration list for PBXProject "SeSAC_BeerRecommend" */;
			compatibilityVersion = "Xcode 14.0";
			developmentRegion = en;
			hasScannedForEncodings = 0;
			knownRegions = (
				en,
				Base,
			);
			mainGroup = DE74072D2A81EF06008CC62A;
			packageReferences = (
				DE7407512A81FD3D008CC62A /* XCRemoteSwiftPackageReference "Alamofire" */,
				DE7407542A81FD4D008CC62A /* XCRemoteSwiftPackageReference "SwiftyJSON" */,
				DE7407572A81FD64008CC62A /* XCRemoteSwiftPackageReference "Kingfisher" */,
			);
			productRefGroup = DE7407372A81EF06008CC62A /* Products */;
			projectDirPath = "";
			projectRoot = "";
			targets = (
				DE7407352A81EF06008CC62A /* SeSAC_BeerRecommend */,
			);
		};
/* End PBXProject section */

/* Begin PBXResourcesBuildPhase section */
		DE7407342A81EF06008CC62A /* Resources */ = {
			isa = PBXResourcesBuildPhase;
			buildActionMask = 2147483647;
			files = (
				DE7407462A81EF08008CC62A /* LaunchScreen.storyboard in Resources */,
				DE7407432A81EF08008CC62A /* Assets.xcassets in Resources */,
				DE7407412A81EF06008CC62A /* Main.storyboard in Resources */,
				DE7407612A822D97008CC62A /* RecommendBeerCollectionViewCell.xib in Resources */,
			);
			runOnlyForDeploymentPostprocessing = 0;
		};
/* End PBXResourcesBuildPhase section */

/* Begin PBXSourcesBuildPhase section */
		DE7407322A81EF06008CC62A /* Sources */ = {
			isa = PBXSourcesBuildPhase;
			buildActionMask = 2147483647;
			files = (
				DE74075B2A822D32008CC62A /* MoreRecommendViewController.swift in Sources */,
				DE7407632A823690008CC62A /* Beer.swift in Sources */,
				DE7407602A822D97008CC62A /* RecommendBeerCollectionViewCell.swift in Sources */,
				DE74073E2A81EF06008CC62A /* ViewController.swift in Sources */,
				DE74073A2A81EF06008CC62A /* AppDelegate.swift in Sources */,
				DE74073C2A81EF06008CC62A /* SceneDelegate.swift in Sources */,
				DE7407652A826EC6008CC62A /* DetailViewController.swift in Sources */,
			);
			runOnlyForDeploymentPostprocessing = 0;
		};
/* End PBXSourcesBuildPhase section */

/* Begin PBXVariantGroup section */
		DE74073F2A81EF06008CC62A /* Main.storyboard */ = {
			isa = PBXVariantGroup;
			children = (
				DE7407402A81EF06008CC62A /* Base */,
			);
			name = Main.storyboard;
			sourceTree = "<group>";
		};
		DE7407442A81EF08008CC62A /* LaunchScreen.storyboard */ = {
			isa = PBXVariantGroup;
			children = (
				DE7407452A81EF08008CC62A /* Base */,
			);
			name = LaunchScreen.storyboard;
			sourceTree = "<group>";
		};
/* End PBXVariantGroup section */

/* Begin XCBuildConfiguration section */
		DE7407482A81EF08008CC62A /* Debug */ = {
			isa = XCBuildConfiguration;
			buildSettings = {
				ALWAYS_SEARCH_USER_PATHS = NO;
				CLANG_ANALYZER_NONNULL = YES;
				CLANG_ANALYZER_NUMBER_OBJECT_CONVERSION = YES_AGGRESSIVE;
				CLANG_CXX_LANGUAGE_STANDARD = "gnu++20";
				CLANG_ENABLE_MODULES = YES;
				CLANG_ENABLE_OBJC_ARC = YES;
				CLANG_ENABLE_OBJC_WEAK = YES;
				CLANG_WARN_BLOCK_CAPTURE_AUTORELEASING = YES;
				CLANG_WARN_BOOL_CONVERSION = YES;
				CLANG_WARN_COMMA = YES;
				CLANG_WARN_CONSTANT_CONVERSION = YES;
				CLANG_WARN_DEPRECATED_OBJC_IMPLEMENTATIONS = YES;
				CLANG_WARN_DIRECT_OBJC_ISA_USAGE = YES_ERROR;
				CLANG_WARN_DOCUMENTATION_COMMENTS = YES;
				CLANG_WARN_EMPTY_BODY = YES;
				CLANG_WARN_ENUM_CONVERSION = YES;
				CLANG_WARN_INFINITE_RECURSION = YES;
				CLANG_WARN_INT_CONVERSION = YES;
				CLANG_WARN_NON_LITERAL_NULL_CONVERSION = YES;
				CLANG_WARN_OBJC_IMPLICIT_RETAIN_SELF = YES;
				CLANG_WARN_OBJC_LITERAL_CONVERSION = YES;
				CLANG_WARN_OBJC_ROOT_CLASS = YES_ERROR;
				CLANG_WARN_QUOTED_INCLUDE_IN_FRAMEWORK_HEADER = YES;
				CLANG_WARN_RANGE_LOOP_ANALYSIS = YES;
				CLANG_WARN_STRICT_PROTOTYPES = YES;
				CLANG_WARN_SUSPICIOUS_MOVE = YES;
				CLANG_WARN_UNGUARDED_AVAILABILITY = YES_AGGRESSIVE;
				CLANG_WARN_UNREACHABLE_CODE = YES;
				CLANG_WARN__DUPLICATE_METHOD_MATCH = YES;
				COPY_PHASE_STRIP = NO;
				DEBUG_INFORMATION_FORMAT = dwarf;
				ENABLE_STRICT_OBJC_MSGSEND = YES;
				ENABLE_TESTABILITY = YES;
				GCC_C_LANGUAGE_STANDARD = gnu11;
				GCC_DYNAMIC_NO_PIC = NO;
				GCC_NO_COMMON_BLOCKS = YES;
				GCC_OPTIMIZATION_LEVEL = 0;
				GCC_PREPROCESSOR_DEFINITIONS = (
					"DEBUG=1",
					"$(inherited)",
				);
				GCC_WARN_64_TO_32_BIT_CONVERSION = YES;
				GCC_WARN_ABOUT_RETURN_TYPE = YES_ERROR;
				GCC_WARN_UNDECLARED_SELECTOR = YES;
				GCC_WARN_UNINITIALIZED_AUTOS = YES_AGGRESSIVE;
				GCC_WARN_UNUSED_FUNCTION = YES;
				GCC_WARN_UNUSED_VARIABLE = YES;
				IPHONEOS_DEPLOYMENT_TARGET = 16.4;
				MTL_ENABLE_DEBUG_INFO = INCLUDE_SOURCE;
				MTL_FAST_MATH = YES;
				ONLY_ACTIVE_ARCH = YES;
				SDKROOT = iphoneos;
				SWIFT_ACTIVE_COMPILATION_CONDITIONS = DEBUG;
				SWIFT_OPTIMIZATION_LEVEL = "-Onone";
			};
			name = Debug;
		};
		DE7407492A81EF08008CC62A /* Release */ = {
			isa = XCBuildConfiguration;
			buildSettings = {
				ALWAYS_SEARCH_USER_PATHS = NO;
				CLANG_ANALYZER_NONNULL = YES;
				CLANG_ANALYZER_NUMBER_OBJECT_CONVERSION = YES_AGGRESSIVE;
				CLANG_CXX_LANGUAGE_STANDARD = "gnu++20";
				CLANG_ENABLE_MODULES = YES;
				CLANG_ENABLE_OBJC_ARC = YES;
				CLANG_ENABLE_OBJC_WEAK = YES;
				CLANG_WARN_BLOCK_CAPTURE_AUTORELEASING = YES;
				CLANG_WARN_BOOL_CONVERSION = YES;
				CLANG_WARN_COMMA = YES;
				CLANG_WARN_CONSTANT_CONVERSION = YES;
				CLANG_WARN_DEPRECATED_OBJC_IMPLEMENTATIONS = YES;
				CLANG_WARN_DIRECT_OBJC_ISA_USAGE = YES_ERROR;
				CLANG_WARN_DOCUMENTATION_COMMENTS = YES;
				CLANG_WARN_EMPTY_BODY = YES;
				CLANG_WARN_ENUM_CONVERSION = YES;
				CLANG_WARN_INFINITE_RECURSION = YES;
				CLANG_WARN_INT_CONVERSION = YES;
				CLANG_WARN_NON_LITERAL_NULL_CONVERSION = YES;
				CLANG_WARN_OBJC_IMPLICIT_RETAIN_SELF = YES;
				CLANG_WARN_OBJC_LITERAL_CONVERSION = YES;
				CLANG_WARN_OBJC_ROOT_CLASS = YES_ERROR;
				CLANG_WARN_QUOTED_INCLUDE_IN_FRAMEWORK_HEADER = YES;
				CLANG_WARN_RANGE_LOOP_ANALYSIS = YES;
				CLANG_WARN_STRICT_PROTOTYPES = YES;
				CLANG_WARN_SUSPICIOUS_MOVE = YES;
				CLANG_WARN_UNGUARDED_AVAILABILITY = YES_AGGRESSIVE;
				CLANG_WARN_UNREACHABLE_CODE = YES;
				CLANG_WARN__DUPLICATE_METHOD_MATCH = YES;
				COPY_PHASE_STRIP = NO;
				DEBUG_INFORMATION_FORMAT = "dwarf-with-dsym";
				ENABLE_NS_ASSERTIONS = NO;
				ENABLE_STRICT_OBJC_MSGSEND = YES;
				GCC_C_LANGUAGE_STANDARD = gnu11;
				GCC_NO_COMMON_BLOCKS = YES;
				GCC_WARN_64_TO_32_BIT_CONVERSION = YES;
				GCC_WARN_ABOUT_RETURN_TYPE = YES_ERROR;
				GCC_WARN_UNDECLARED_SELECTOR = YES;
				GCC_WARN_UNINITIALIZED_AUTOS = YES_AGGRESSIVE;
				GCC_WARN_UNUSED_FUNCTION = YES;
				GCC_WARN_UNUSED_VARIABLE = YES;
				IPHONEOS_DEPLOYMENT_TARGET = 16.4;
				MTL_ENABLE_DEBUG_INFO = NO;
				MTL_FAST_MATH = YES;
				SDKROOT = iphoneos;
				SWIFT_COMPILATION_MODE = wholemodule;
				SWIFT_OPTIMIZATION_LEVEL = "-O";
				VALIDATE_PRODUCT = YES;
			};
			name = Release;
		};
		DE74074B2A81EF08008CC62A /* Debug */ = {
			isa = XCBuildConfiguration;
			buildSettings = {
				ASSETCATALOG_COMPILER_APPICON_NAME = AppIcon;
				ASSETCATALOG_COMPILER_GLOBAL_ACCENT_COLOR_NAME = AccentColor;
				CODE_SIGN_STYLE = Automatic;
				CURRENT_PROJECT_VERSION = 1;
				DEVELOPMENT_TEAM = AYG8MBJF93;
				GENERATE_INFOPLIST_FILE = YES;
				INFOPLIST_FILE = SeSAC_BeerRecommend/Info.plist;
				INFOPLIST_KEY_UIApplicationSupportsIndirectInputEvents = YES;
				INFOPLIST_KEY_UILaunchStoryboardName = LaunchScreen;
				INFOPLIST_KEY_UIMainStoryboardFile = Main;
				INFOPLIST_KEY_UISupportedInterfaceOrientations = UIInterfaceOrientationPortrait;
				INFOPLIST_KEY_UISupportedInterfaceOrientations_iPad = "UIInterfaceOrientationLandscapeLeft UIInterfaceOrientationLandscapeRight UIInterfaceOrientationPortrait UIInterfaceOrientationPortraitUpsideDown";
				LD_RUNPATH_SEARCH_PATHS = (
					"$(inherited)",
					"@executable_path/Frameworks",
				);
				MARKETING_VERSION = 1.0;
				PRODUCT_BUNDLE_IDENTIFIER = "ILWAT-com.github.SeSAC-BeerRecommend";
				PRODUCT_NAME = "$(TARGET_NAME)";
				SUPPORTED_PLATFORMS = "iphoneos iphonesimulator";
				SUPPORTS_MACCATALYST = NO;
				SUPPORTS_MAC_DESIGNED_FOR_IPHONE_IPAD = YES;
				SWIFT_EMIT_LOC_STRINGS = YES;
				SWIFT_VERSION = 5.0;
				TARGETED_DEVICE_FAMILY = 1;
			};
			name = Debug;
		};
		DE74074C2A81EF08008CC62A /* Release */ = {
			isa = XCBuildConfiguration;
			buildSettings = {
				ASSETCATALOG_COMPILER_APPICON_NAME = AppIcon;
				ASSETCATALOG_COMPILER_GLOBAL_ACCENT_COLOR_NAME = AccentColor;
				CODE_SIGN_STYLE = Automatic;
				CURRENT_PROJECT_VERSION = 1;
				DEVELOPMENT_TEAM = AYG8MBJF93;
				GENERATE_INFOPLIST_FILE = YES;
				INFOPLIST_FILE = SeSAC_BeerRecommend/Info.plist;
				INFOPLIST_KEY_UIApplicationSupportsIndirectInputEvents = YES;
				INFOPLIST_KEY_UILaunchStoryboardName = LaunchScreen;
				INFOPLIST_KEY_UIMainStoryboardFile = Main;
				INFOPLIST_KEY_UISupportedInterfaceOrientations = UIInterfaceOrientationPortrait;
				INFOPLIST_KEY_UISupportedInterfaceOrientations_iPad = "UIInterfaceOrientationLandscapeLeft UIInterfaceOrientationLandscapeRight UIInterfaceOrientationPortrait UIInterfaceOrientationPortraitUpsideDown";
				LD_RUNPATH_SEARCH_PATHS = (
					"$(inherited)",
					"@executable_path/Frameworks",
				);
				MARKETING_VERSION = 1.0;
				PRODUCT_BUNDLE_IDENTIFIER = "ILWAT-com.github.SeSAC-BeerRecommend";
				PRODUCT_NAME = "$(TARGET_NAME)";
				SUPPORTED_PLATFORMS = "iphoneos iphonesimulator";
				SUPPORTS_MACCATALYST = NO;
				SUPPORTS_MAC_DESIGNED_FOR_IPHONE_IPAD = YES;
				SWIFT_EMIT_LOC_STRINGS = YES;
				SWIFT_VERSION = 5.0;
				TARGETED_DEVICE_FAMILY = 1;
			};
			name = Release;
		};
/* End XCBuildConfiguration section */

/* Begin XCConfigurationList section */
		DE7407312A81EF06008CC62A /* Build configuration list for PBXProject "SeSAC_BeerRecommend" */ = {
			isa = XCConfigurationList;
			buildConfigurations = (
				DE7407482A81EF08008CC62A /* Debug */,
				DE7407492A81EF08008CC62A /* Release */,
			);
			defaultConfigurationIsVisible = 0;
			defaultConfigurationName = Release;
		};
		DE74074A2A81EF08008CC62A /* Build configuration list for PBXNativeTarget "SeSAC_BeerRecommend" */ = {
			isa = XCConfigurationList;
			buildConfigurations = (
				DE74074B2A81EF08008CC62A /* Debug */,
				DE74074C2A81EF08008CC62A /* Release */,
			);
			defaultConfigurationIsVisible = 0;
			defaultConfigurationName = Release;
		};
/* End XCConfigurationList section */

/* Begin XCRemoteSwiftPackageReference section */
		DE7407512A81FD3D008CC62A /* XCRemoteSwiftPackageReference "Alamofire" */ = {
			isa = XCRemoteSwiftPackageReference;
			repositoryURL = "https://github.com/Alamofire/Alamofire";
			requirement = {
				kind = upToNextMinorVersion;
				minimumVersion = 5.7.0;
			};
		};
		DE7407542A81FD4D008CC62A /* XCRemoteSwiftPackageReference "SwiftyJSON" */ = {
			isa = XCRemoteSwiftPackageReference;
			repositoryURL = "https://github.com/SwiftyJSON/SwiftyJSON.git";
			requirement = {
				kind = upToNextMajorVersion;
				minimumVersion = 5.0.0;
			};
		};
		DE7407572A81FD64008CC62A /* XCRemoteSwiftPackageReference "Kingfisher" */ = {
			isa = XCRemoteSwiftPackageReference;
			repositoryURL = "https://github.com/onevcat/Kingfisher";
			requirement = {
				kind = upToNextMinorVersion;
				minimumVersion = 7.9.0;
			};
		};
/* End XCRemoteSwiftPackageReference section */

/* Begin XCSwiftPackageProductDependency section */
		DE7407522A81FD3D008CC62A /* Alamofire */ = {
			isa = XCSwiftPackageProductDependency;
			package = DE7407512A81FD3D008CC62A /* XCRemoteSwiftPackageReference "Alamofire" */;
			productName = Alamofire;
		};
		DE7407552A81FD4D008CC62A /* SwiftyJSON */ = {
			isa = XCSwiftPackageProductDependency;
			package = DE7407542A81FD4D008CC62A /* XCRemoteSwiftPackageReference "SwiftyJSON" */;
			productName = SwiftyJSON;
		};
		DE7407582A81FD64008CC62A /* Kingfisher */ = {
			isa = XCSwiftPackageProductDependency;
			package = DE7407572A81FD64008CC62A /* XCRemoteSwiftPackageReference "Kingfisher" */;
			productName = Kingfisher;
		};
/* End XCSwiftPackageProductDependency section */
	};
	rootObject = DE74072E2A81EF06008CC62A /* Project object */;
}
